
Microsoft Visual Studio Solution File, Format Version 12.00
# Visual Studio Version 17
VisualStudioVersion = 17.13.35806.99 d17.13
MinimumVisualStudioVersion = 10.0.40219.1
Project("{FAE04EC0-301F-11D3-BF4B-00C04F79EFBC}") = "MS_Lab", "MS_Lab\MS_Lab.csproj", "{BEA069C9-90EE-4FB7-A376-2CE981AE936C}"
EndProject
Global
	GlobalSection(SolutionConfigurationPlatforms) = preSolution
		Debug|Any CPU = Debug|Any CPU
		Release|Any CPU = Release|Any CPU
	EndGlobalSection
	GlobalSection(ProjectConfigurationPlatforms) = postSolution
		{BEA069C9-90EE-4FB7-A376-2CE981AE936C}.Debug|Any CPU.ActiveCfg = Debug|Any CPU
		{BEA069C9-90EE-4FB7-A376-2CE981AE936C}.Debug|Any CPU.Build.0 = Debug|Any CPU
		{BEA069C9-90EE-4FB7-A376-2CE981AE936C}.Release|Any CPU.ActiveCfg = Release|Any CPU
		{BEA069C9-90EE-4FB7-A376-2CE981AE936C}.Release|Any CPU.Build.0 = Release|Any CPU
	EndGlobalSection
	GlobalSection(SolutionProperties) = preSolution
		HideSolutionNode = FALSE
	EndGlobalSection
	GlobalSection(ExtensibilityGlobals) = postSolution
		SolutionGuid = {F2142BEB-D2CE-4144-9870-EE564EA004DE}
	EndGlobalSection
EndGlobal
